// !$*UTF8*$!
{
	archiveVersion = 1;
	classes = {
	};
	objectVersion = 56;
	objects = {

/* Begin PBXBuildFile section */
		3F3673E42A3C64100014F777 /* UberCloneApp.swift in Sources */ = {isa = PBXBuildFile; fileRef = 3F3673E32A3C64100014F777 /* UberCloneApp.swift */; };
		3F3673E82A3C64110014F777 /* Assets.xcassets in Resources */ = {isa = PBXBuildFile; fileRef = 3F3673E72A3C64110014F777 /* Assets.xcassets */; };
		3F3673EB2A3C64110014F777 /* Preview Assets.xcassets in Resources */ = {isa = PBXBuildFile; fileRef = 3F3673EA2A3C64110014F777 /* Preview Assets.xcassets */; };
		3F3673F92A3C65160014F777 /* HomeView.swift in Sources */ = {isa = PBXBuildFile; fileRef = 3F3673F82A3C65160014F777 /* HomeView.swift */; };
		3F3673FB2A3C65D20014F777 /* UberMapViewRepresentable.swift in Sources */ = {isa = PBXBuildFile; fileRef = 3F3673FA2A3C65D20014F777 /* UberMapViewRepresentable.swift */; };
		3F3673FD2A3C69560014F777 /* LocationManager.swift in Sources */ = {isa = PBXBuildFile; fileRef = 3F3673FC2A3C69560014F777 /* LocationManager.swift */; };
		3F3674042A3F11530014F777 /* LocationSearchActivationView.swift in Sources */ = {isa = PBXBuildFile; fileRef = 3F3674032A3F11530014F777 /* LocationSearchActivationView.swift */; };
		3F3674062A3F147C0014F777 /* MapViewActionButton.swift in Sources */ = {isa = PBXBuildFile; fileRef = 3F3674052A3F147C0014F777 /* MapViewActionButton.swift */; };
		3F3674082A3F176F0014F777 /* LocationSearchView.swift in Sources */ = {isa = PBXBuildFile; fileRef = 3F3674072A3F176F0014F777 /* LocationSearchView.swift */; };
		3F36740A2A3F21460014F777 /* LocationSearchResultCell.swift in Sources */ = {isa = PBXBuildFile; fileRef = 3F3674092A3F21460014F777 /* LocationSearchResultCell.swift */; };
		3F36740C2A4064820014F777 /* LocationSearchViewModel.swift in Sources */ = {isa = PBXBuildFile; fileRef = 3F36740B2A4064820014F777 /* LocationSearchViewModel.swift */; };
		3F36740E2A433DDC0014F777 /* MapViewState.swift in Sources */ = {isa = PBXBuildFile; fileRef = 3F36740D2A433DDC0014F777 /* MapViewState.swift */; };
		3F3674112A43579F0014F777 /* RideRequestView.swift in Sources */ = {isa = PBXBuildFile; fileRef = 3F3674102A43579F0014F777 /* RideRequestView.swift */; };
		3FB564372A46DD0900B7F590 /* Color.swift in Sources */ = {isa = PBXBuildFile; fileRef = 3FB564362A46DD0900B7F590 /* Color.swift */; };
		3FE6955B2A44838B00D68265 /* RideType.swift in Sources */ = {isa = PBXBuildFile; fileRef = 3FE6955A2A44838B00D68265 /* RideType.swift */; };
		3FE6955D2A45F56200D68265 /* Double.swift in Sources */ = {isa = PBXBuildFile; fileRef = 3FE6955C2A45F56100D68265 /* Double.swift */; };
		3FE6955F2A45FB3B00D68265 /* UberLocation.swift in Sources */ = {isa = PBXBuildFile; fileRef = 3FE6955E2A45FB3B00D68265 /* UberLocation.swift */; };
/* End PBXBuildFile section */

/* Begin PBXFileReference section */
		3F3673E02A3C64100014F777 /* UberClone.app */ = {isa = PBXFileReference; explicitFileType = wrapper.application; includeInIndex = 0; path = UberClone.app; sourceTree = BUILT_PRODUCTS_DIR; };
		3F3673E32A3C64100014F777 /* UberCloneApp.swift */ = {isa = PBXFileReference; lastKnownFileType = sourcecode.swift; path = UberCloneApp.swift; sourceTree = "<group>"; };
		3F3673E72A3C64110014F777 /* Assets.xcassets */ = {isa = PBXFileReference; lastKnownFileType = folder.assetcatalog; path = Assets.xcassets; sourceTree = "<group>"; };
		3F3673EA2A3C64110014F777 /* Preview Assets.xcassets */ = {isa = PBXFileReference; lastKnownFileType = folder.assetcatalog; path = "Preview Assets.xcassets"; sourceTree = "<group>"; };
		3F3673F82A3C65160014F777 /* HomeView.swift */ = {isa = PBXFileReference; lastKnownFileType = sourcecode.swift; path = HomeView.swift; sourceTree = "<group>"; };
		3F3673FA2A3C65D20014F777 /* UberMapViewRepresentable.swift */ = {isa = PBXFileReference; lastKnownFileType = sourcecode.swift; path = UberMapViewRepresentable.swift; sourceTree = "<group>"; };
		3F3673FC2A3C69560014F777 /* LocationManager.swift */ = {isa = PBXFileReference; lastKnownFileType = sourcecode.swift; path = LocationManager.swift; sourceTree = "<group>"; };
		3F3674032A3F11530014F777 /* LocationSearchActivationView.swift */ = {isa = PBXFileReference; lastKnownFileType = sourcecode.swift; path = LocationSearchActivationView.swift; sourceTree = "<group>"; };
		3F3674052A3F147C0014F777 /* MapViewActionButton.swift */ = {isa = PBXFileReference; lastKnownFileType = sourcecode.swift; path = MapViewActionButton.swift; sourceTree = "<group>"; };
		3F3674072A3F176F0014F777 /* LocationSearchView.swift */ = {isa = PBXFileReference; lastKnownFileType = sourcecode.swift; path = LocationSearchView.swift; sourceTree = "<group>"; };
		3F3674092A3F21460014F777 /* LocationSearchResultCell.swift */ = {isa = PBXFileReference; lastKnownFileType = sourcecode.swift; path = LocationSearchResultCell.swift; sourceTree = "<group>"; };
		3F36740B2A4064820014F777 /* LocationSearchViewModel.swift */ = {isa = PBXFileReference; lastKnownFileType = sourcecode.swift; path = LocationSearchViewModel.swift; sourceTree = "<group>"; };
		3F36740D2A433DDC0014F777 /* MapViewState.swift */ = {isa = PBXFileReference; lastKnownFileType = sourcecode.swift; path = MapViewState.swift; sourceTree = "<group>"; };
		3F3674102A43579F0014F777 /* RideRequestView.swift */ = {isa = PBXFileReference; lastKnownFileType = sourcecode.swift; path = RideRequestView.swift; sourceTree = "<group>"; };
		3FB564362A46DD0900B7F590 /* Color.swift */ = {isa = PBXFileReference; lastKnownFileType = sourcecode.swift; path = Color.swift; sourceTree = "<group>"; };
		3FE6955A2A44838B00D68265 /* RideType.swift */ = {isa = PBXFileReference; lastKnownFileType = sourcecode.swift; path = RideType.swift; sourceTree = "<group>"; };
		3FE6955C2A45F56100D68265 /* Double.swift */ = {isa = PBXFileReference; lastKnownFileType = sourcecode.swift; path = Double.swift; sourceTree = "<group>"; };
		3FE6955E2A45FB3B00D68265 /* UberLocation.swift */ = {isa = PBXFileReference; lastKnownFileType = sourcecode.swift; path = UberLocation.swift; sourceTree = "<group>"; };
/* End PBXFileReference section */

/* Begin PBXFrameworksBuildPhase section */
		3F3673DD2A3C64100014F777 /* Frameworks */ = {
			isa = PBXFrameworksBuildPhase;
			buildActionMask = 2147483647;
			files = (
			);
			runOnlyForDeploymentPostprocessing = 0;
		};
/* End PBXFrameworksBuildPhase section */

/* Begin PBXGroup section */
		3F3673D72A3C64100014F777 = {
			isa = PBXGroup;
			children = (
				3F3673E22A3C64100014F777 /* UberClone */,
				3F3673E12A3C64100014F777 /* Products */,
			);
			sourceTree = "<group>";
		};
		3F3673E12A3C64100014F777 /* Products */ = {
			isa = PBXGroup;
			children = (
				3F3673E02A3C64100014F777 /* UberClone.app */,
			);
			name = Products;
			sourceTree = "<group>";
		};
		3F3673E22A3C64100014F777 /* UberClone */ = {
			isa = PBXGroup;
			children = (
				3F3673F52A3C641D0014F777 /* App */,
				3F3673F42A3C641B0014F777 /* Core */,
				3F3673F32A3C641A0014F777 /* Extension */,
				3F3673F22A3C64190014F777 /* Manager */,
				3F3673F12A3C64170014F777 /* Model */,
				3F3673E72A3C64110014F777 /* Assets.xcassets */,
				3F3673E92A3C64110014F777 /* Preview Content */,
			);
			path = UberClone;
			sourceTree = "<group>";
		};
		3F3673E92A3C64110014F777 /* Preview Content */ = {
			isa = PBXGroup;
			children = (
				3F3673EA2A3C64110014F777 /* Preview Assets.xcassets */,
			);
			path = "Preview Content";
			sourceTree = "<group>";
		};
		3F3673F12A3C64170014F777 /* Model */ = {
			isa = PBXGroup;
			children = (
				3F36740D2A433DDC0014F777 /* MapViewState.swift */,
				3FE6955A2A44838B00D68265 /* RideType.swift */,
				3FE6955E2A45FB3B00D68265 /* UberLocation.swift */,
			);
			path = Model;
			sourceTree = "<group>";
		};
		3F3673F22A3C64190014F777 /* Manager */ = {
			isa = PBXGroup;
			children = (
				3F3673FC2A3C69560014F777 /* LocationManager.swift */,
			);
			path = Manager;
			sourceTree = "<group>";
		};
		3F3673F32A3C641A0014F777 /* Extension */ = {
			isa = PBXGroup;
			children = (
				3FE6955C2A45F56100D68265 /* Double.swift */,
				3FB564362A46DD0900B7F590 /* Color.swift */,
			);
			path = Extension;
			sourceTree = "<group>";
		};
		3F3673F42A3C641B0014F777 /* Core */ = {
			isa = PBXGroup;
			children = (
				3F36740F2A4357870014F777 /* Trips */,
				3F3674002A3F10650014F777 /* LocationSearch */,
				3F3673FF2A3F104C0014F777 /* Home */,
			);
			path = Core;
			sourceTree = "<group>";
		};
		3F3673F52A3C641D0014F777 /* App */ = {
			isa = PBXGroup;
			children = (
				3F3673E32A3C64100014F777 /* UberCloneApp.swift */,
			);
			path = App;
			sourceTree = "<group>";
		};
		3F3673F62A3C64F30014F777 /* View */ = {
			isa = PBXGroup;
			children = (
				3F3673F82A3C65160014F777 /* HomeView.swift */,
				3F3673FA2A3C65D20014F777 /* UberMapViewRepresentable.swift */,
				3F3674052A3F147C0014F777 /* MapViewActionButton.swift */,
			);
			path = View;
			sourceTree = "<group>";
		};
		3F3673F72A3C64F50014F777 /* ViewModel */ = {
			isa = PBXGroup;
			children = (
			);
			path = ViewModel;
			sourceTree = "<group>";
		};
		3F3673FF2A3F104C0014F777 /* Home */ = {
			isa = PBXGroup;
			children = (
				3F3673F72A3C64F50014F777 /* ViewModel */,
				3F3673F62A3C64F30014F777 /* View */,
			);
			path = Home;
			sourceTree = "<group>";
		};
		3F3674002A3F10650014F777 /* LocationSearch */ = {
			isa = PBXGroup;
			children = (
				3F3674022A3F10720014F777 /* ViewModel */,
				3F3674012A3F10700014F777 /* View */,
			);
			path = LocationSearch;
			sourceTree = "<group>";
		};
		3F3674012A3F10700014F777 /* View */ = {
			isa = PBXGroup;
			children = (
				3F3674032A3F11530014F777 /* LocationSearchActivationView.swift */,
				3F3674072A3F176F0014F777 /* LocationSearchView.swift */,
				3F3674092A3F21460014F777 /* LocationSearchResultCell.swift */,
			);
			path = View;
			sourceTree = "<group>";
		};
		3F3674022A3F10720014F777 /* ViewModel */ = {
			isa = PBXGroup;
			children = (
				3F36740B2A4064820014F777 /* LocationSearchViewModel.swift */,
			);
			path = ViewModel;
			sourceTree = "<group>";
		};
		3F36740F2A4357870014F777 /* Trips */ = {
			isa = PBXGroup;
			children = (
				3F3674102A43579F0014F777 /* RideRequestView.swift */,
			);
			path = Trips;
			sourceTree = "<group>";
		};
/* End PBXGroup section */

/* Begin PBXNativeTarget section */
		3F3673DF2A3C64100014F777 /* UberClone */ = {
			isa = PBXNativeTarget;
			buildConfigurationList = 3F3673EE2A3C64110014F777 /* Build configuration list for PBXNativeTarget "UberClone" */;
			buildPhases = (
				3F3673DC2A3C64100014F777 /* Sources */,
				3F3673DD2A3C64100014F777 /* Frameworks */,
				3F3673DE2A3C64100014F777 /* Resources */,
			);
			buildRules = (
			);
			dependencies = (
			);
			name = UberClone;
			productName = UberClone;
			productReference = 3F3673E02A3C64100014F777 /* UberClone.app */;
			productType = "com.apple.product-type.application";
		};
/* End PBXNativeTarget section */

/* Begin PBXProject section */
		3F3673D82A3C64100014F777 /* Project object */ = {
			isa = PBXProject;
			attributes = {
				BuildIndependentTargetsInParallel = 1;
				LastSwiftUpdateCheck = 1420;
				LastUpgradeCheck = 1420;
				TargetAttributes = {
					3F3673DF2A3C64100014F777 = {
						CreatedOnToolsVersion = 14.2;
					};
				};
			};
			buildConfigurationList = 3F3673DB2A3C64100014F777 /* Build configuration list for PBXProject "UberClone" */;
			compatibilityVersion = "Xcode 14.0";
			developmentRegion = en;
			hasScannedForEncodings = 0;
			knownRegions = (
				en,
				Base,
			);
			mainGroup = 3F3673D72A3C64100014F777;
			productRefGroup = 3F3673E12A3C64100014F777 /* Products */;
			projectDirPath = "";
			projectRoot = "";
			targets = (
				3F3673DF2A3C64100014F777 /* UberClone */,
			);
		};
/* End PBXProject section */

/* Begin PBXResourcesBuildPhase section */
		3F3673DE2A3C64100014F777 /* Resources */ = {
			isa = PBXResourcesBuildPhase;
			buildActionMask = 2147483647;
			files = (
				3F3673EB2A3C64110014F777 /* Preview Assets.xcassets in Resources */,
				3F3673E82A3C64110014F777 /* Assets.xcassets in Resources */,
			);
			runOnlyForDeploymentPostprocessing = 0;
		};
/* End PBXResourcesBuildPhase section */

/* Begin PBXSourcesBuildPhase section */
		3F3673DC2A3C64100014F777 /* Sources */ = {
			isa = PBXSourcesBuildPhase;
			buildActionMask = 2147483647;
			files = (
				3F36740C2A4064820014F777 /* LocationSearchViewModel.swift in Sources */,
				3F3674082A3F176F0014F777 /* LocationSearchView.swift in Sources */,
				3F3673FD2A3C69560014F777 /* LocationManager.swift in Sources */,
				3F3674112A43579F0014F777 /* RideRequestView.swift in Sources */,
				3FE6955D2A45F56200D68265 /* Double.swift in Sources */,
				3F36740E2A433DDC0014F777 /* MapViewState.swift in Sources */,
				3F3674062A3F147C0014F777 /* MapViewActionButton.swift in Sources */,
				3F3673E42A3C64100014F777 /* UberCloneApp.swift in Sources */,
				3FB564372A46DD0900B7F590 /* Color.swift in Sources */,
				3F3673FB2A3C65D20014F777 /* UberMapViewRepresentable.swift in Sources */,
				3F3673F92A3C65160014F777 /* HomeView.swift in Sources */,
				3FE6955F2A45FB3B00D68265 /* UberLocation.swift in Sources */,
				3F3674042A3F11530014F777 /* LocationSearchActivationView.swift in Sources */,
				3F36740A2A3F21460014F777 /* LocationSearchResultCell.swift in Sources */,
				3FE6955B2A44838B00D68265 /* RideType.swift in Sources */,
			);
			runOnlyForDeploymentPostprocessing = 0;
		};
/* End PBXSourcesBuildPhase section */

/* Begin XCBuildConfiguration section */
		3F3673EC2A3C64110014F777 /* Debug */ = {
			isa = XCBuildConfiguration;
			buildSettings = {
				ALWAYS_SEARCH_USER_PATHS = NO;
				CLANG_ANALYZER_NONNULL = YES;
				CLANG_ANALYZER_NUMBER_OBJECT_CONVERSION = YES_AGGRESSIVE;
				CLANG_CXX_LANGUAGE_STANDARD = "gnu++20";
				CLANG_ENABLE_MODULES = YES;
				CLANG_ENABLE_OBJC_ARC = YES;
				CLANG_ENABLE_OBJC_WEAK = YES;
				CLANG_WARN_BLOCK_CAPTURE_AUTORELEASING = YES;
				CLANG_WARN_BOOL_CONVERSION = YES;
				CLANG_WARN_COMMA = YES;
				CLANG_WARN_CONSTANT_CONVERSION = YES;
				CLANG_WARN_DEPRECATED_OBJC_IMPLEMENTATIONS = YES;
				CLANG_WARN_DIRECT_OBJC_ISA_USAGE = YES_ERROR;
				CLANG_WARN_DOCUMENTATION_COMMENTS = YES;
				CLANG_WARN_EMPTY_BODY = YES;
				CLANG_WARN_ENUM_CONVERSION = YES;
				CLANG_WARN_INFINITE_RECURSION = YES;
				CLANG_WARN_INT_CONVERSION = YES;
				CLANG_WARN_NON_LITERAL_NULL_CONVERSION = YES;
				CLANG_WARN_OBJC_IMPLICIT_RETAIN_SELF = YES;
				CLANG_WARN_OBJC_LITERAL_CONVERSION = YES;
				CLANG_WARN_OBJC_ROOT_CLASS = YES_ERROR;
				CLANG_WARN_QUOTED_INCLUDE_IN_FRAMEWORK_HEADER = YES;
				CLANG_WARN_RANGE_LOOP_ANALYSIS = YES;
				CLANG_WARN_STRICT_PROTOTYPES = YES;
				CLANG_WARN_SUSPICIOUS_MOVE = YES;
				CLANG_WARN_UNGUARDED_AVAILABILITY = YES_AGGRESSIVE;
				CLANG_WARN_UNREACHABLE_CODE = YES;
				CLANG_WARN__DUPLICATE_METHOD_MATCH = YES;
				COPY_PHASE_STRIP = NO;
				DEBUG_INFORMATION_FORMAT = dwarf;
				ENABLE_STRICT_OBJC_MSGSEND = YES;
				ENABLE_TESTABILITY = YES;
				GCC_C_LANGUAGE_STANDARD = gnu11;
				GCC_DYNAMIC_NO_PIC = NO;
				GCC_NO_COMMON_BLOCKS = YES;
				GCC_OPTIMIZATION_LEVEL = 0;
				GCC_PREPROCESSOR_DEFINITIONS = (
					"DEBUG=1",
					"$(inherited)",
				);
				GCC_WARN_64_TO_32_BIT_CONVERSION = YES;
				GCC_WARN_ABOUT_RETURN_TYPE = YES_ERROR;
				GCC_WARN_UNDECLARED_SELECTOR = YES;
				GCC_WARN_UNINITIALIZED_AUTOS = YES_AGGRESSIVE;
				GCC_WARN_UNUSED_FUNCTION = YES;
				GCC_WARN_UNUSED_VARIABLE = YES;
				IPHONEOS_DEPLOYMENT_TARGET = 16.2;
				MTL_ENABLE_DEBUG_INFO = INCLUDE_SOURCE;
				MTL_FAST_MATH = YES;
				ONLY_ACTIVE_ARCH = YES;
				SDKROOT = iphoneos;
				SWIFT_ACTIVE_COMPILATION_CONDITIONS = DEBUG;
				SWIFT_OPTIMIZATION_LEVEL = "-Onone";
			};
			name = Debug;
		};
		3F3673ED2A3C64110014F777 /* Release */ = {
			isa = XCBuildConfiguration;
			buildSettings = {
				ALWAYS_SEARCH_USER_PATHS = NO;
				CLANG_ANALYZER_NONNULL = YES;
				CLANG_ANALYZER_NUMBER_OBJECT_CONVERSION = YES_AGGRESSIVE;
				CLANG_CXX_LANGUAGE_STANDARD = "gnu++20";
				CLANG_ENABLE_MODULES = YES;
				CLANG_ENABLE_OBJC_ARC = YES;
				CLANG_ENABLE_OBJC_WEAK = YES;
				CLANG_WARN_BLOCK_CAPTURE_AUTORELEASING = YES;
				CLANG_WARN_BOOL_CONVERSION = YES;
				CLANG_WARN_COMMA = YES;
				CLANG_WARN_CONSTANT_CONVERSION = YES;
				CLANG_WARN_DEPRECATED_OBJC_IMPLEMENTATIONS = YES;
				CLANG_WARN_DIRECT_OBJC_ISA_USAGE = YES_ERROR;
				CLANG_WARN_DOCUMENTATION_COMMENTS = YES;
				CLANG_WARN_EMPTY_BODY = YES;
				CLANG_WARN_ENUM_CONVERSION = YES;
				CLANG_WARN_INFINITE_RECURSION = YES;
				CLANG_WARN_INT_CONVERSION = YES;
				CLANG_WARN_NON_LITERAL_NULL_CONVERSION = YES;
				CLANG_WARN_OBJC_IMPLICIT_RETAIN_SELF = YES;
				CLANG_WARN_OBJC_LITERAL_CONVERSION = YES;
				CLANG_WARN_OBJC_ROOT_CLASS = YES_ERROR;
				CLANG_WARN_QUOTED_INCLUDE_IN_FRAMEWORK_HEADER = YES;
				CLANG_WARN_RANGE_LOOP_ANALYSIS = YES;
				CLANG_WARN_STRICT_PROTOTYPES = YES;
				CLANG_WARN_SUSPICIOUS_MOVE = YES;
				CLANG_WARN_UNGUARDED_AVAILABILITY = YES_AGGRESSIVE;
				CLANG_WARN_UNREACHABLE_CODE = YES;
				CLANG_WARN__DUPLICATE_METHOD_MATCH = YES;
				COPY_PHASE_STRIP = NO;
				DEBUG_INFORMATION_FORMAT = "dwarf-with-dsym";
				ENABLE_NS_ASSERTIONS = NO;
				ENABLE_STRICT_OBJC_MSGSEND = YES;
				GCC_C_LANGUAGE_STANDARD = gnu11;
				GCC_NO_COMMON_BLOCKS = YES;
				GCC_WARN_64_TO_32_BIT_CONVERSION = YES;
				GCC_WARN_ABOUT_RETURN_TYPE = YES_ERROR;
				GCC_WARN_UNDECLARED_SELECTOR = YES;
				GCC_WARN_UNINITIALIZED_AUTOS = YES_AGGRESSIVE;
				GCC_WARN_UNUSED_FUNCTION = YES;
				GCC_WARN_UNUSED_VARIABLE = YES;
				IPHONEOS_DEPLOYMENT_TARGET = 16.2;
				MTL_ENABLE_DEBUG_INFO = NO;
				MTL_FAST_MATH = YES;
				SDKROOT = iphoneos;
				SWIFT_COMPILATION_MODE = wholemodule;
				SWIFT_OPTIMIZATION_LEVEL = "-O";
				VALIDATE_PRODUCT = YES;
			};
			name = Release;
		};
		3F3673EF2A3C64110014F777 /* Debug */ = {
			isa = XCBuildConfiguration;
			buildSettings = {
				ASSETCATALOG_COMPILER_APPICON_NAME = AppIcon;
				ASSETCATALOG_COMPILER_GLOBAL_ACCENT_COLOR_NAME = AccentColor;
				CODE_SIGN_STYLE = Automatic;
				CURRENT_PROJECT_VERSION = 1;
				DEVELOPMENT_ASSET_PATHS = "\"UberClone/Preview Content\"";
				ENABLE_PREVIEWS = YES;
				GENERATE_INFOPLIST_FILE = YES;
				INFOPLIST_FILE = UberClone/Info.plist;
				INFOPLIST_KEY_CFBundleDisplayName = "";
				INFOPLIST_KEY_LSApplicationCategoryType = "";
				INFOPLIST_KEY_NSLocationWhenInUseUsageDescription = "we need to access your location to find rides";
				INFOPLIST_KEY_UIApplicationSceneManifest_Generation = YES;
				INFOPLIST_KEY_UIApplicationSupportsIndirectInputEvents = YES;
				INFOPLIST_KEY_UILaunchScreen_Generation = YES;
				INFOPLIST_KEY_UISupportedInterfaceOrientations_iPad = "UIInterfaceOrientationPortrait UIInterfaceOrientationPortraitUpsideDown UIInterfaceOrientationLandscapeLeft UIInterfaceOrientationLandscapeRight";
				INFOPLIST_KEY_UISupportedInterfaceOrientations_iPhone = "UIInterfaceOrientationPortrait UIInterfaceOrientationLandscapeLeft UIInterfaceOrientationLandscapeRight";
				LD_RUNPATH_SEARCH_PATHS = (
					"$(inherited)",
					"@executable_path/Frameworks",
				);
				MARKETING_VERSION = 1.0;
				PRODUCT_BUNDLE_IDENTIFIER = khantamim.UberClone;
				PRODUCT_NAME = "$(TARGET_NAME)";
				SWIFT_EMIT_LOC_STRINGS = YES;
				SWIFT_VERSION = 5.0;
				TARGETED_DEVICE_FAMILY = "1,2";
			};
			name = Debug;
		};
		3F3673F02A3C64110014F777 /* Release */ = {
			isa = XCBuildConfiguration;
			buildSettings = {
				ASSETCATALOG_COMPILER_APPICON_NAME = AppIcon;
				ASSETCATALOG_COMPILER_GLOBAL_ACCENT_COLOR_NAME = AccentColor;
				CODE_SIGN_STYLE = Automatic;
				CURRENT_PROJECT_VERSION = 1;
				DEVELOPMENT_ASSET_PATHS = "\"UberClone/Preview Content\"";
				ENABLE_PREVIEWS = YES;
				GENERATE_INFOPLIST_FILE = YES;
				INFOPLIST_FILE = UberClone/Info.plist;
				INFOPLIST_KEY_CFBundleDisplayName = "";
				INFOPLIST_KEY_LSApplicationCategoryType = "";
				INFOPLIST_KEY_NSLocationWhenInUseUsageDescription = "we need to access your location to find rides";
				INFOPLIST_KEY_UIApplicationSceneManifest_Generation = YES;
				INFOPLIST_KEY_UIApplicationSupportsIndirectInputEvents = YES;
				INFOPLIST_KEY_UILaunchScreen_Generation = YES;
				INFOPLIST_KEY_UISupportedInterfaceOrientations_iPad = "UIInterfaceOrientationPortrait UIInterfaceOrientationPortraitUpsideDown UIInterfaceOrientationLandscapeLeft UIInterfaceOrientationLandscapeRight";
				INFOPLIST_KEY_UISupportedInterfaceOrientations_iPhone = "UIInterfaceOrientationPortrait UIInterfaceOrientationLandscapeLeft UIInterfaceOrientationLandscapeRight";
				LD_RUNPATH_SEARCH_PATHS = (
					"$(inherited)",
					"@executable_path/Frameworks",
				);
				MARKETING_VERSION = 1.0;
				PRODUCT_BUNDLE_IDENTIFIER = khantamim.UberClone;
				PRODUCT_NAME = "$(TARGET_NAME)";
				SWIFT_EMIT_LOC_STRINGS = YES;
				SWIFT_VERSION = 5.0;
				TARGETED_DEVICE_FAMILY = "1,2";
			};
			name = Release;
		};
/* End XCBuildConfiguration section */

/* Begin XCConfigurationList section */
		3F3673DB2A3C64100014F777 /* Build configuration list for PBXProject "UberClone" */ = {
			isa = XCConfigurationList;
			buildConfigurations = (
				3F3673EC2A3C64110014F777 /* Debug */,
				3F3673ED2A3C64110014F777 /* Release */,
			);
			defaultConfigurationIsVisible = 0;
			defaultConfigurationName = Release;
		};
		3F3673EE2A3C64110014F777 /* Build configuration list for PBXNativeTarget "UberClone" */ = {
			isa = XCConfigurationList;
			buildConfigurations = (
				3F3673EF2A3C64110014F777 /* Debug */,
				3F3673F02A3C64110014F777 /* Release */,
			);
			defaultConfigurationIsVisible = 0;
			defaultConfigurationName = Release;
		};
/* End XCConfigurationList section */
	};
	rootObject = 3F3673D82A3C64100014F777 /* Project object */;
}
